// !$*UTF8*$!
{
	archiveVersion = 1;
	classes = {
	};
	objectVersion = 50;
	objects = {

/* Begin PBXBuildFile section */
		9F044A08D0FDDD13AAFCA66D /* Pods_PushNotificationUITesting.framework in Frameworks */ = {isa = PBXBuildFile; fileRef = 5E4568428B81267CA878EE15 /* Pods_PushNotificationUITesting.framework */; };
		ADDF5D7552D6EBE7B45CEB90 /* Pods_PushNotificationUITestingUITests.framework in Frameworks */ = {isa = PBXBuildFile; fileRef = 2650A23A6E55BAF10C2A73BE /* Pods_PushNotificationUITestingUITests.framework */; };
		C92F171921929A0300BF9A4B /* README.md in Resources */ = {isa = PBXBuildFile; fileRef = C92F171821929A0300BF9A4B /* README.md */; };
		C94AEF18213C650B00F625AE /* MockServer.swift in Sources */ = {isa = PBXBuildFile; fileRef = C94AEF17213C650B00F625AE /* MockServer.swift */; };
		C94AEF1A213C676800F625AE /* UITestingConstants.swift in Sources */ = {isa = PBXBuildFile; fileRef = C94AEF19213C676800F625AE /* UITestingConstants.swift */; };
		C94AEF1B213C679500F625AE /* UITestingConstants.swift in Sources */ = {isa = PBXBuildFile; fileRef = C94AEF19213C676800F625AE /* UITestingConstants.swift */; };
		C94AEF1D213C73D600F625AE /* PushNotificationPayload.swift in Sources */ = {isa = PBXBuildFile; fileRef = C94AEF1C213C73D600F625AE /* PushNotificationPayload.swift */; };
		C94AEF1F213C75A900F625AE /* pushtesting_sandbox.p12 in Resources */ = {isa = PBXBuildFile; fileRef = C94AEF1E213C75A900F625AE /* pushtesting_sandbox.p12 */; };
		C9B96A92213C59820052E027 /* AppDelegate.swift in Sources */ = {isa = PBXBuildFile; fileRef = C9B96A91213C59820052E027 /* AppDelegate.swift */; };
		C9B96A94213C59820052E027 /* ViewController.swift in Sources */ = {isa = PBXBuildFile; fileRef = C9B96A93213C59820052E027 /* ViewController.swift */; };
		C9B96A97213C59820052E027 /* Main.storyboard in Resources */ = {isa = PBXBuildFile; fileRef = C9B96A95213C59820052E027 /* Main.storyboard */; };
		C9B96A9C213C59850052E027 /* Assets.xcassets in Resources */ = {isa = PBXBuildFile; fileRef = C9B96A9B213C59850052E027 /* Assets.xcassets */; };
		C9B96A9F213C59850052E027 /* LaunchScreen.storyboard in Resources */ = {isa = PBXBuildFile; fileRef = C9B96A9D213C59850052E027 /* LaunchScreen.storyboard */; };
		C9B96AAA213C59850052E027 /* PushUITests.swift in Sources */ = {isa = PBXBuildFile; fileRef = C9B96AA9213C59850052E027 /* PushUITests.swift */; };
/* End PBXBuildFile section */

/* Begin PBXContainerItemProxy section */
		C9B96AA6213C59850052E027 /* PBXContainerItemProxy */ = {
			isa = PBXContainerItemProxy;
			containerPortal = C9B96A86213C59820052E027 /* Project object */;
			proxyType = 1;
			remoteGlobalIDString = C9B96A8D213C59820052E027;
			remoteInfo = PushNotificationUITesting;
		};
/* End PBXContainerItemProxy section */

/* Begin PBXFileReference section */
		2650A23A6E55BAF10C2A73BE /* Pods_PushNotificationUITestingUITests.framework */ = {isa = PBXFileReference; explicitFileType = wrapper.framework; includeInIndex = 0; path = Pods_PushNotificationUITestingUITests.framework; sourceTree = BUILT_PRODUCTS_DIR; };
		5E4568428B81267CA878EE15 /* Pods_PushNotificationUITesting.framework */ = {isa = PBXFileReference; explicitFileType = wrapper.framework; includeInIndex = 0; path = Pods_PushNotificationUITesting.framework; sourceTree = BUILT_PRODUCTS_DIR; };
		986BFD1768B141DA8BA289E3 /* Pods-PushNotificationUITesting.debug.xcconfig */ = {isa = PBXFileReference; includeInIndex = 1; lastKnownFileType = text.xcconfig; name = "Pods-PushNotificationUITesting.debug.xcconfig"; path = "Pods/Target Support Files/Pods-PushNotificationUITesting/Pods-PushNotificationUITesting.debug.xcconfig"; sourceTree = "<group>"; };
		9CAF61A2C3600C27C38FCE5F /* Pods-PushNotificationUITesting.release.xcconfig */ = {isa = PBXFileReference; includeInIndex = 1; lastKnownFileType = text.xcconfig; name = "Pods-PushNotificationUITesting.release.xcconfig"; path = "Pods/Target Support Files/Pods-PushNotificationUITesting/Pods-PushNotificationUITesting.release.xcconfig"; sourceTree = "<group>"; };
		AB494DC1A7AA5964857BFAFF /* Pods-PushNotificationUITestingUITests.debug.xcconfig */ = {isa = PBXFileReference; includeInIndex = 1; lastKnownFileType = text.xcconfig; name = "Pods-PushNotificationUITestingUITests.debug.xcconfig"; path = "Pods/Target Support Files/Pods-PushNotificationUITestingUITests/Pods-PushNotificationUITestingUITests.debug.xcconfig"; sourceTree = "<group>"; };
		C7C8AA87E5CCF4A823C4F3E6 /* Pods-PushNotificationUITestingUITests.release.xcconfig */ = {isa = PBXFileReference; includeInIndex = 1; lastKnownFileType = text.xcconfig; name = "Pods-PushNotificationUITestingUITests.release.xcconfig"; path = "Pods/Target Support Files/Pods-PushNotificationUITestingUITests/Pods-PushNotificationUITestingUITests.release.xcconfig"; sourceTree = "<group>"; };
		C92F171821929A0300BF9A4B /* README.md */ = {isa = PBXFileReference; fileEncoding = 4; lastKnownFileType = net.daringfireball.markdown; path = README.md; sourceTree = SOURCE_ROOT; };
		C94AEF17213C650B00F625AE /* MockServer.swift */ = {isa = PBXFileReference; lastKnownFileType = sourcecode.swift; path = MockServer.swift; sourceTree = "<group>"; };
		C94AEF19213C676800F625AE /* UITestingConstants.swift */ = {isa = PBXFileReference; lastKnownFileType = sourcecode.swift; path = UITestingConstants.swift; sourceTree = "<group>"; };
		C94AEF1C213C73D600F625AE /* PushNotificationPayload.swift */ = {isa = PBXFileReference; lastKnownFileType = sourcecode.swift; path = PushNotificationPayload.swift; sourceTree = "<group>"; };
		C94AEF1E213C75A900F625AE /* pushtesting_sandbox.p12 */ = {isa = PBXFileReference; lastKnownFileType = file; path = pushtesting_sandbox.p12; sourceTree = "<group>"; };
		C9B46E6F213C5EDD00C6DC03 /* PushNotificationUITesting.entitlements */ = {isa = PBXFileReference; lastKnownFileType = text.plist.entitlements; path = PushNotificationUITesting.entitlements; sourceTree = "<group>"; };
		C9B96A8E213C59820052E027 /* PushNotificationUITesting.app */ = {isa = PBXFileReference; explicitFileType = wrapper.application; includeInIndex = 0; path = PushNotificationUITesting.app; sourceTree = BUILT_PRODUCTS_DIR; };
		C9B96A91213C59820052E027 /* AppDelegate.swift */ = {isa = PBXFileReference; lastKnownFileType = sourcecode.swift; path = AppDelegate.swift; sourceTree = "<group>"; };
		C9B96A93213C59820052E027 /* ViewController.swift */ = {isa = PBXFileReference; lastKnownFileType = sourcecode.swift; path = ViewController.swift; sourceTree = "<group>"; };
		C9B96A96213C59820052E027 /* Base */ = {isa = PBXFileReference; lastKnownFileType = file.storyboard; name = Base; path = Base.lproj/Main.storyboard; sourceTree = "<group>"; };
		C9B96A9B213C59850052E027 /* Assets.xcassets */ = {isa = PBXFileReference; lastKnownFileType = folder.assetcatalog; path = Assets.xcassets; sourceTree = "<group>"; };
		C9B96A9E213C59850052E027 /* Base */ = {isa = PBXFileReference; lastKnownFileType = file.storyboard; name = Base; path = Base.lproj/LaunchScreen.storyboard; sourceTree = "<group>"; };
		C9B96AA0213C59850052E027 /* Info.plist */ = {isa = PBXFileReference; lastKnownFileType = text.plist.xml; path = Info.plist; sourceTree = "<group>"; };
		C9B96AA5213C59850052E027 /* PushNotificationUITestingUITests.xctest */ = {isa = PBXFileReference; explicitFileType = wrapper.cfbundle; includeInIndex = 0; path = PushNotificationUITestingUITests.xctest; sourceTree = BUILT_PRODUCTS_DIR; };
		C9B96AA9213C59850052E027 /* PushUITests.swift */ = {isa = PBXFileReference; lastKnownFileType = sourcecode.swift; path = PushUITests.swift; sourceTree = "<group>"; };
		C9B96AAB213C59850052E027 /* Info.plist */ = {isa = PBXFileReference; lastKnownFileType = text.plist.xml; path = Info.plist; sourceTree = "<group>"; };
/* End PBXFileReference section */

/* Begin PBXFrameworksBuildPhase section */
		C9B96A8B213C59820052E027 /* Frameworks */ = {
			isa = PBXFrameworksBuildPhase;
			buildActionMask = 2147483647;
			files = (
				9F044A08D0FDDD13AAFCA66D /* Pods_PushNotificationUITesting.framework in Frameworks */,
			);
			runOnlyForDeploymentPostprocessing = 0;
		};
		C9B96AA2213C59850052E027 /* Frameworks */ = {
			isa = PBXFrameworksBuildPhase;
			buildActionMask = 2147483647;
			files = (
				ADDF5D7552D6EBE7B45CEB90 /* Pods_PushNotificationUITestingUITests.framework in Frameworks */,
			);
			runOnlyForDeploymentPostprocessing = 0;
		};
/* End PBXFrameworksBuildPhase section */

/* Begin PBXGroup section */
		20D4F73B8A109A48645D8DB5 /* Frameworks */ = {
			isa = PBXGroup;
			children = (
				5E4568428B81267CA878EE15 /* Pods_PushNotificationUITesting.framework */,
				2650A23A6E55BAF10C2A73BE /* Pods_PushNotificationUITestingUITests.framework */,
			);
			name = Frameworks;
			sourceTree = "<group>";
		};
		AC053782D206F059D20FC65B /* Pods */ = {
			isa = PBXGroup;
			children = (
				986BFD1768B141DA8BA289E3 /* Pods-PushNotificationUITesting.debug.xcconfig */,
				9CAF61A2C3600C27C38FCE5F /* Pods-PushNotificationUITesting.release.xcconfig */,
				AB494DC1A7AA5964857BFAFF /* Pods-PushNotificationUITestingUITests.debug.xcconfig */,
				C7C8AA87E5CCF4A823C4F3E6 /* Pods-PushNotificationUITestingUITests.release.xcconfig */,
			);
			name = Pods;
			sourceTree = "<group>";
		};
		C9B96A85213C59820052E027 = {
			isa = PBXGroup;
			children = (
				C9B96A90213C59820052E027 /* PushNotificationUITesting */,
				C9B96AA8213C59850052E027 /* PushNotificationUITestingUITests */,
				C9B96A8F213C59820052E027 /* Products */,
				AC053782D206F059D20FC65B /* Pods */,
				20D4F73B8A109A48645D8DB5 /* Frameworks */,
			);
			sourceTree = "<group>";
		};
		C9B96A8F213C59820052E027 /* Products */ = {
			isa = PBXGroup;
			children = (
				C9B96A8E213C59820052E027 /* PushNotificationUITesting.app */,
				C9B96AA5213C59850052E027 /* PushNotificationUITestingUITests.xctest */,
			);
			name = Products;
			sourceTree = "<group>";
		};
		C9B96A90213C59820052E027 /* PushNotificationUITesting */ = {
			isa = PBXGroup;
			children = (
				C9B46E6F213C5EDD00C6DC03 /* PushNotificationUITesting.entitlements */,
				C92F171821929A0300BF9A4B /* README.md */,
				C9B96AA0213C59850052E027 /* Info.plist */,
				C9B96A91213C59820052E027 /* AppDelegate.swift */,
				C9B96A93213C59820052E027 /* ViewController.swift */,
				C9B96A9B213C59850052E027 /* Assets.xcassets */,
				C9B96A9D213C59850052E027 /* LaunchScreen.storyboard */,
				C9B96A95213C59820052E027 /* Main.storyboard */,
			);
			path = PushNotificationUITesting;
			sourceTree = "<group>";
		};
		C9B96AA8213C59850052E027 /* PushNotificationUITestingUITests */ = {
			isa = PBXGroup;
			children = (
				C94AEF1E213C75A900F625AE /* pushtesting_sandbox.p12 */,
				C9B96AA9213C59850052E027 /* PushUITests.swift */,
				C9B96AAB213C59850052E027 /* Info.plist */,
				C94AEF17213C650B00F625AE /* MockServer.swift */,
				C94AEF19213C676800F625AE /* UITestingConstants.swift */,
				C94AEF1C213C73D600F625AE /* PushNotificationPayload.swift */,
			);
			path = PushNotificationUITestingUITests;
			sourceTree = "<group>";
		};
/* End PBXGroup section */

/* Begin PBXNativeTarget section */
		C9B96A8D213C59820052E027 /* PushNotificationUITesting */ = {
			isa = PBXNativeTarget;
			buildConfigurationList = C9B96AAE213C59850052E027 /* Build configuration list for PBXNativeTarget "PushNotificationUITesting" */;
			buildPhases = (
				31AA1D0303DB7A06EC12ED60 /* [CP] Check Pods Manifest.lock */,
				C9B96A8A213C59820052E027 /* Sources */,
				C9B96A8B213C59820052E027 /* Frameworks */,
				C9B96A8C213C59820052E027 /* Resources */,
			);
			buildRules = (
			);
			dependencies = (
			);
			name = PushNotificationUITesting;
			productName = PushNotificationUITesting;
			productReference = C9B96A8E213C59820052E027 /* PushNotificationUITesting.app */;
			productType = "com.apple.product-type.application";
		};
		C9B96AA4213C59850052E027 /* PushNotificationUITestingUITests */ = {
			isa = PBXNativeTarget;
			buildConfigurationList = C9B96AB1213C59850052E027 /* Build configuration list for PBXNativeTarget "PushNotificationUITestingUITests" */;
			buildPhases = (
				60DF088353927A915B50359B /* [CP] Check Pods Manifest.lock */,
				C9B96AA1213C59850052E027 /* Sources */,
				C9B96AA2213C59850052E027 /* Frameworks */,
				C9B96AA3213C59850052E027 /* Resources */,
				51D574C25006FEFA65DEEFAE /* [CP] Embed Pods Frameworks */,
			);
			buildRules = (
			);
			dependencies = (
				C9B96AA7213C59850052E027 /* PBXTargetDependency */,
			);
			name = PushNotificationUITestingUITests;
			productName = PushNotificationUITestingUITests;
			productReference = C9B96AA5213C59850052E027 /* PushNotificationUITestingUITests.xctest */;
			productType = "com.apple.product-type.bundle.ui-testing";
		};
/* End PBXNativeTarget section */

/* Begin PBXProject section */
		C9B96A86213C59820052E027 /* Project object */ = {
			isa = PBXProject;
			attributes = {
				LastSwiftUpdateCheck = 0940;
				LastUpgradeCheck = 0940;
				ORGANIZATIONNAME = locacha;
				TargetAttributes = {
					C9B96A8D213C59820052E027 = {
						CreatedOnToolsVersion = 9.4.1;
						SystemCapabilities = {
							com.apple.Push = {
								enabled = 1;
							};
						};
					};
					C9B96AA4213C59850052E027 = {
						CreatedOnToolsVersion = 9.4.1;
						TestTargetID = C9B96A8D213C59820052E027;
					};
				};
			};
			buildConfigurationList = C9B96A89213C59820052E027 /* Build configuration list for PBXProject "PushNotificationUITesting" */;
			compatibilityVersion = "Xcode 9.3";
			developmentRegion = en;
			hasScannedForEncodings = 0;
			knownRegions = (
				en,
				Base,
			);
			mainGroup = C9B96A85213C59820052E027;
			productRefGroup = C9B96A8F213C59820052E027 /* Products */;
			projectDirPath = "";
			projectRoot = "";
			targets = (
				C9B96A8D213C59820052E027 /* PushNotificationUITesting */,
				C9B96AA4213C59850052E027 /* PushNotificationUITestingUITests */,
			);
		};
/* End PBXProject section */

/* Begin PBXResourcesBuildPhase section */
		C9B96A8C213C59820052E027 /* Resources */ = {
			isa = PBXResourcesBuildPhase;
			buildActionMask = 2147483647;
			files = (
				C9B96A9F213C59850052E027 /* LaunchScreen.storyboard in Resources */,
				C9B96A9C213C59850052E027 /* Assets.xcassets in Resources */,
				C92F171921929A0300BF9A4B /* README.md in Resources */,
				C9B96A97213C59820052E027 /* Main.storyboard in Resources */,
			);
			runOnlyForDeploymentPostprocessing = 0;
		};
		C9B96AA3213C59850052E027 /* Resources */ = {
			isa = PBXResourcesBuildPhase;
			buildActionMask = 2147483647;
			files = (
				C94AEF1F213C75A900F625AE /* pushtesting_sandbox.p12 in Resources */,
			);
			runOnlyForDeploymentPostprocessing = 0;
		};
/* End PBXResourcesBuildPhase section */

/* Begin PBXShellScriptBuildPhase section */
		31AA1D0303DB7A06EC12ED60 /* [CP] Check Pods Manifest.lock */ = {
			isa = PBXShellScriptBuildPhase;
			buildActionMask = 2147483647;
			files = (
			);
			inputPaths = (
				"${PODS_PODFILE_DIR_PATH}/Podfile.lock",
				"${PODS_ROOT}/Manifest.lock",
			);
			name = "[CP] Check Pods Manifest.lock";
			outputPaths = (
				"$(DERIVED_FILE_DIR)/Pods-PushNotificationUITesting-checkManifestLockResult.txt",
			);
			runOnlyForDeploymentPostprocessing = 0;
			shellPath = /bin/sh;
			shellScript = "diff \"${PODS_PODFILE_DIR_PATH}/Podfile.lock\" \"${PODS_ROOT}/Manifest.lock\" > /dev/null\nif [ $? != 0 ] ; then\n    # print error to STDERR\n    echo \"error: The sandbox is not in sync with the Podfile.lock. Run 'pod install' or update your CocoaPods installation.\" >&2\n    exit 1\nfi\n# This output is used by Xcode 'outputs' to avoid re-running this script phase.\necho \"SUCCESS\" > \"${SCRIPT_OUTPUT_FILE_0}\"\n";
			showEnvVarsInLog = 0;
		};
		51D574C25006FEFA65DEEFAE /* [CP] Embed Pods Frameworks */ = {
			isa = PBXShellScriptBuildPhase;
			buildActionMask = 2147483647;
			files = (
			);
			inputPaths = (
				"${SRCROOT}/Pods/Target Support Files/Pods-PushNotificationUITestingUITests/Pods-PushNotificationUITestingUITests-frameworks.sh",
				"${BUILT_PRODUCTS_DIR}/NWPusher/NWPusher.framework",
				"${BUILT_PRODUCTS_DIR}/Swifter/Swifter.framework",
			);
			name = "[CP] Embed Pods Frameworks";
			outputPaths = (
				"${TARGET_BUILD_DIR}/${FRAMEWORKS_FOLDER_PATH}/NWPusher.framework",
				"${TARGET_BUILD_DIR}/${FRAMEWORKS_FOLDER_PATH}/Swifter.framework",
			);
			runOnlyForDeploymentPostprocessing = 0;
			shellPath = /bin/sh;
			shellScript = "\"${SRCROOT}/Pods/Target Support Files/Pods-PushNotificationUITestingUITests/Pods-PushNotificationUITestingUITests-frameworks.sh\"\n";
			showEnvVarsInLog = 0;
		};
		60DF088353927A915B50359B /* [CP] Check Pods Manifest.lock */ = {
			isa = PBXShellScriptBuildPhase;
			buildActionMask = 2147483647;
			files = (
			);
			inputPaths = (
				"${PODS_PODFILE_DIR_PATH}/Podfile.lock",
				"${PODS_ROOT}/Manifest.lock",
			);
			name = "[CP] Check Pods Manifest.lock";
			outputPaths = (
				"$(DERIVED_FILE_DIR)/Pods-PushNotificationUITestingUITests-checkManifestLockResult.txt",
			);
			runOnlyForDeploymentPostprocessing = 0;
			shellPath = /bin/sh;
			shellScript = "diff \"${PODS_PODFILE_DIR_PATH}/Podfile.lock\" \"${PODS_ROOT}/Manifest.lock\" > /dev/null\nif [ $? != 0 ] ; then\n    # print error to STDERR\n    echo \"error: The sandbox is not in sync with the Podfile.lock. Run 'pod install' or update your CocoaPods installation.\" >&2\n    exit 1\nfi\n# This output is used by Xcode 'outputs' to avoid re-running this script phase.\necho \"SUCCESS\" > \"${SCRIPT_OUTPUT_FILE_0}\"\n";
			showEnvVarsInLog = 0;
		};
/* End PBXShellScriptBuildPhase section */

/* Begin PBXSourcesBuildPhase section */
		C9B96A8A213C59820052E027 /* Sources */ = {
			isa = PBXSourcesBuildPhase;
			buildActionMask = 2147483647;
			files = (
				C9B96A94213C59820052E027 /* ViewController.swift in Sources */,
				C9B96A92213C59820052E027 /* AppDelegate.swift in Sources */,
				C94AEF1B213C679500F625AE /* UITestingConstants.swift in Sources */,
			);
			runOnlyForDeploymentPostprocessing = 0;
		};
		C9B96AA1213C59850052E027 /* Sources */ = {
			isa = PBXSourcesBuildPhase;
			buildActionMask = 2147483647;
			files = (
				C94AEF18213C650B00F625AE /* MockServer.swift in Sources */,
				C94AEF1D213C73D600F625AE /* PushNotificationPayload.swift in Sources */,
				C9B96AAA213C59850052E027 /* PushUITests.swift in Sources */,
				C94AEF1A213C676800F625AE /* UITestingConstants.swift in Sources */,
			);
			runOnlyForDeploymentPostprocessing = 0;
		};
/* End PBXSourcesBuildPhase section */

/* Begin PBXTargetDependency section */
		C9B96AA7213C59850052E027 /* PBXTargetDependency */ = {
			isa = PBXTargetDependency;
			target = C9B96A8D213C59820052E027 /* PushNotificationUITesting */;
			targetProxy = C9B96AA6213C59850052E027 /* PBXContainerItemProxy */;
		};
/* End PBXTargetDependency section */

/* Begin PBXVariantGroup section */
		C9B96A95213C59820052E027 /* Main.storyboard */ = {
			isa = PBXVariantGroup;
			children = (
				C9B96A96213C59820052E027 /* Base */,
			);
			name = Main.storyboard;
			sourceTree = "<group>";
		};
		C9B96A9D213C59850052E027 /* LaunchScreen.storyboard */ = {
			isa = PBXVariantGroup;
			children = (
				C9B96A9E213C59850052E027 /* Base */,
			);
			name = LaunchScreen.storyboard;
			sourceTree = "<group>";
		};
/* End PBXVariantGroup section */

/* Begin XCBuildConfiguration section */
		C9B96AAC213C59850052E027 /* Debug */ = {
			isa = XCBuildConfiguration;
			buildSettings = {
				ALWAYS_SEARCH_USER_PATHS = NO;
				CLANG_ANALYZER_NONNULL = YES;
				CLANG_ANALYZER_NUMBER_OBJECT_CONVERSION = YES_AGGRESSIVE;
				CLANG_CXX_LANGUAGE_STANDARD = "gnu++14";
				CLANG_CXX_LIBRARY = "libc++";
				CLANG_ENABLE_MODULES = YES;
				CLANG_ENABLE_OBJC_ARC = YES;
				CLANG_ENABLE_OBJC_WEAK = YES;
				CLANG_WARN_BLOCK_CAPTURE_AUTORELEASING = YES;
				CLANG_WARN_BOOL_CONVERSION = YES;
				CLANG_WARN_COMMA = YES;
				CLANG_WARN_CONSTANT_CONVERSION = YES;
				CLANG_WARN_DEPRECATED_OBJC_IMPLEMENTATIONS = YES;
				CLANG_WARN_DIRECT_OBJC_ISA_USAGE = YES_ERROR;
				CLANG_WARN_DOCUMENTATION_COMMENTS = YES;
				CLANG_WARN_EMPTY_BODY = YES;
				CLANG_WARN_ENUM_CONVERSION = YES;
				CLANG_WARN_INFINITE_RECURSION = YES;
				CLANG_WARN_INT_CONVERSION = YES;
				CLANG_WARN_NON_LITERAL_NULL_CONVERSION = YES;
				CLANG_WARN_OBJC_IMPLICIT_RETAIN_SELF = YES;
				CLANG_WARN_OBJC_LITERAL_CONVERSION = YES;
				CLANG_WARN_OBJC_ROOT_CLASS = YES_ERROR;
				CLANG_WARN_RANGE_LOOP_ANALYSIS = YES;
				CLANG_WARN_STRICT_PROTOTYPES = YES;
				CLANG_WARN_SUSPICIOUS_MOVE = YES;
				CLANG_WARN_UNGUARDED_AVAILABILITY = YES_AGGRESSIVE;
				CLANG_WARN_UNREACHABLE_CODE = YES;
				CLANG_WARN__DUPLICATE_METHOD_MATCH = YES;
				CODE_SIGN_IDENTITY = "iPhone Developer";
				COPY_PHASE_STRIP = NO;
				DEBUG_INFORMATION_FORMAT = dwarf;
				ENABLE_STRICT_OBJC_MSGSEND = YES;
				ENABLE_TESTABILITY = YES;
				GCC_C_LANGUAGE_STANDARD = gnu11;
				GCC_DYNAMIC_NO_PIC = NO;
				GCC_NO_COMMON_BLOCKS = YES;
				GCC_OPTIMIZATION_LEVEL = 0;
				GCC_PREPROCESSOR_DEFINITIONS = (
					"DEBUG=1",
					"$(inherited)",
				);
				GCC_WARN_64_TO_32_BIT_CONVERSION = YES;
				GCC_WARN_ABOUT_RETURN_TYPE = YES_ERROR;
				GCC_WARN_UNDECLARED_SELECTOR = YES;
				GCC_WARN_UNINITIALIZED_AUTOS = YES_AGGRESSIVE;
				GCC_WARN_UNUSED_FUNCTION = YES;
				GCC_WARN_UNUSED_VARIABLE = YES;
				IPHONEOS_DEPLOYMENT_TARGET = 11.4;
				MTL_ENABLE_DEBUG_INFO = YES;
				ONLY_ACTIVE_ARCH = YES;
				SDKROOT = iphoneos;
				SWIFT_ACTIVE_COMPILATION_CONDITIONS = DEBUG;
				SWIFT_OPTIMIZATION_LEVEL = "-Onone";
			};
			name = Debug;
		};
		C9B96AAD213C59850052E027 /* Release */ = {
			isa = XCBuildConfiguration;
			buildSettings = {
				ALWAYS_SEARCH_USER_PATHS = NO;
				CLANG_ANALYZER_NONNULL = YES;
				CLANG_ANALYZER_NUMBER_OBJECT_CONVERSION = YES_AGGRESSIVE;
				CLANG_CXX_LANGUAGE_STANDARD = "gnu++14";
				CLANG_CXX_LIBRARY = "libc++";
				CLANG_ENABLE_MODULES = YES;
				CLANG_ENABLE_OBJC_ARC = YES;
				CLANG_ENABLE_OBJC_WEAK = YES;
				CLANG_WARN_BLOCK_CAPTURE_AUTORELEASING = YES;
				CLANG_WARN_BOOL_CONVERSION = YES;
				CLANG_WARN_COMMA = YES;
				CLANG_WARN_CONSTANT_CONVERSION = YES;
				CLANG_WARN_DEPRECATED_OBJC_IMPLEMENTATIONS = YES;
				CLANG_WARN_DIRECT_OBJC_ISA_USAGE = YES_ERROR;
				CLANG_WARN_DOCUMENTATION_COMMENTS = YES;
				CLANG_WARN_EMPTY_BODY = YES;
				CLANG_WARN_ENUM_CONVERSION = YES;
				CLANG_WARN_INFINITE_RECURSION = YES;
				CLANG_WARN_INT_CONVERSION = YES;
				CLANG_WARN_NON_LITERAL_NULL_CONVERSION = YES;
				CLANG_WARN_OBJC_IMPLICIT_RETAIN_SELF = YES;
				CLANG_WARN_OBJC_LITERAL_CONVERSION = YES;
				CLANG_WARN_OBJC_ROOT_CLASS = YES_ERROR;
				CLANG_WARN_RANGE_LOOP_ANALYSIS = YES;
				CLANG_WARN_STRICT_PROTOTYPES = YES;
				CLANG_WARN_SUSPICIOUS_MOVE = YES;
				CLANG_WARN_UNGUARDED_AVAILABILITY = YES_AGGRESSIVE;
				CLANG_WARN_UNREACHABLE_CODE = YES;
				CLANG_WARN__DUPLICATE_METHOD_MATCH = YES;
				CODE_SIGN_IDENTITY = "iPhone Developer";
				COPY_PHASE_STRIP = NO;
				DEBUG_INFORMATION_FORMAT = "dwarf-with-dsym";
				ENABLE_NS_ASSERTIONS = NO;
				ENABLE_STRICT_OBJC_MSGSEND = YES;
				GCC_C_LANGUAGE_STANDARD = gnu11;
				GCC_NO_COMMON_BLOCKS = YES;
				GCC_WARN_64_TO_32_BIT_CONVERSION = YES;
				GCC_WARN_ABOUT_RETURN_TYPE = YES_ERROR;
				GCC_WARN_UNDECLARED_SELECTOR = YES;
				GCC_WARN_UNINITIALIZED_AUTOS = YES_AGGRESSIVE;
				GCC_WARN_UNUSED_FUNCTION = YES;
				GCC_WARN_UNUSED_VARIABLE = YES;
				IPHONEOS_DEPLOYMENT_TARGET = 11.4;
				MTL_ENABLE_DEBUG_INFO = NO;
				SDKROOT = iphoneos;
				SWIFT_COMPILATION_MODE = wholemodule;
				SWIFT_OPTIMIZATION_LEVEL = "-O";
				VALIDATE_PRODUCT = YES;
			};
			name = Release;
		};
		C9B96AAF213C59850052E027 /* Debug */ = {
			isa = XCBuildConfiguration;
			baseConfigurationReference = 986BFD1768B141DA8BA289E3 /* Pods-PushNotificationUITesting.debug.xcconfig */;
			buildSettings = {
				ASSETCATALOG_COMPILER_APPICON_NAME = AppIcon;
				CODE_SIGN_ENTITLEMENTS = PushNotificationUITesting/PushNotificationUITesting.entitlements;
				CODE_SIGN_IDENTITY = "iPhone Developer";
				CODE_SIGN_STYLE = Manual;
				DEVELOPMENT_TEAM = 735H4JCR7N;
				INFOPLIST_FILE = PushNotificationUITesting/Info.plist;
				LD_RUNPATH_SEARCH_PATHS = (
					"$(inherited)",
					"@executable_path/Frameworks",
				);
				PRODUCT_BUNDLE_IDENTIFIER = com.mattstanford.PushNotificationUITesting;
				PRODUCT_NAME = "$(TARGET_NAME)";
				PROVISIONING_PROFILE = "acf54dd0-73ae-4b2c-8d19-cd99a86acfd1";
				PROVISIONING_PROFILE_SPECIFIER = "Push Testing Dev";
				SWIFT_VERSION = 4.0;
				TARGETED_DEVICE_FAMILY = "1,2";
			};
			name = Debug;
		};
		C9B96AB0213C59850052E027 /* Release */ = {
			isa = XCBuildConfiguration;
			baseConfigurationReference = 9CAF61A2C3600C27C38FCE5F /* Pods-PushNotificationUITesting.release.xcconfig */;
			buildSettings = {
				ASSETCATALOG_COMPILER_APPICON_NAME = AppIcon;
				CODE_SIGN_ENTITLEMENTS = PushNotificationUITesting/PushNotificationUITesting.entitlements;
				CODE_SIGN_IDENTITY = "iPhone Developer";
				CODE_SIGN_STYLE = Manual;
				DEVELOPMENT_TEAM = "";
				INFOPLIST_FILE = PushNotificationUITesting/Info.plist;
				LD_RUNPATH_SEARCH_PATHS = (
					"$(inherited)",
					"@executable_path/Frameworks",
				);
				PRODUCT_BUNDLE_IDENTIFIER = com.mattstanford.PushNotificationUITesting;
				PRODUCT_NAME = "$(TARGET_NAME)";
				PROVISIONING_PROFILE_SPECIFIER = "";
				SWIFT_VERSION = 4.0;
				TARGETED_DEVICE_FAMILY = "1,2";
			};
			name = Release;
		};
		C9B96AB2213C59850052E027 /* Debug */ = {
			isa = XCBuildConfiguration;
			baseConfigurationReference = AB494DC1A7AA5964857BFAFF /* Pods-PushNotificationUITestingUITests.debug.xcconfig */;
			buildSettings = {
				ALWAYS_EMBED_SWIFT_STANDARD_LIBRARIES = YES;
				CODE_SIGN_STYLE = Manual;
				DEVELOPMENT_TEAM = 735H4JCR7N;
				INFOPLIST_FILE = PushNotificationUITestingUITests/Info.plist;
				LD_RUNPATH_SEARCH_PATHS = (
					"$(inherited)",
					"@executable_path/Frameworks",
					"@loader_path/Frameworks",
				);
				PRODUCT_BUNDLE_IDENTIFIER = com.mattstanford.PushNotificationUITestingUITests;
				PRODUCT_NAME = "$(TARGET_NAME)";
				PROVISIONING_PROFILE = "c19de699-e5c5-4661-a283-4f486cd555c2";
				PROVISIONING_PROFILE_SPECIFIER = "Wildcard App";
				SWIFT_VERSION = 4.0;
				TARGETED_DEVICE_FAMILY = "1,2";
				TEST_TARGET_NAME = PushNotificationUITesting;
			};
			name = Debug;
		};
		C9B96AB3213C59850052E027 /* Release */ = {
			isa = XCBuildConfiguration;
			baseConfigurationReference = C7C8AA87E5CCF4A823C4F3E6 /* Pods-PushNotificationUITestingUITests.release.xcconfig */;
			buildSettings = {
				ALWAYS_EMBED_SWIFT_STANDARD_LIBRARIES = YES;
				CODE_SIGN_STYLE = Manual;
				DEVELOPMENT_TEAM = "";
				INFOPLIST_FILE = PushNotificationUITestingUITests/Info.plist;
				LD_RUNPATH_SEARCH_PATHS = (
					"$(inherited)",
					"@executable_path/Frameworks",
					"@loader_path/Frameworks",
				);
				PRODUCT_BUNDLE_IDENTIFIER = com.mattstanford.PushNotificationUITestingUITests;
				PRODUCT_NAME = "$(TARGET_NAME)";
				PROVISIONING_PROFILE_SPECIFIER = "";
				SWIFT_VERSION = 4.0;
				TARGETED_DEVICE_FAMILY = "1,2";
				TEST_TARGET_NAME = PushNotificationUITesting;
			};
			name = Release;
		};
/* End XCBuildConfiguration section */

/* Begin XCConfigurationList section */
		C9B96A89213C59820052E027 /* Build configuration list for PBXProject "PushNotificationUITesting" */ = {
			isa = XCConfigurationList;
			buildConfigurations = (
				C9B96AAC213C59850052E027 /* Debug */,
				C9B96AAD213C59850052E027 /* Release */,
			);
			defaultConfigurationIsVisible = 0;
			defaultConfigurationName = Release;
		};
		C9B96AAE213C59850052E027 /* Build configuration list for PBXNativeTarget "PushNotificationUITesting" */ = {
			isa = XCConfigurationList;
			buildConfigurations = (
				C9B96AAF213C59850052E027 /* Debug */,
				C9B96AB0213C59850052E027 /* Release */,
			);
			defaultConfigurationIsVisible = 0;
			defaultConfigurationName = Release;
		};
		C9B96AB1213C59850052E027 /* Build configuration list for PBXNativeTarget "PushNotificationUITestingUITests" */ = {
			isa = XCConfigurationList;
			buildConfigurations = (
				C9B96AB2213C59850052E027 /* Debug */,
				C9B96AB3213C59850052E027 /* Release */,
			);
			defaultConfigurationIsVisible = 0;
			defaultConfigurationName = Release;
		};
/* End XCConfigurationList section */
	};
	rootObject = C9B96A86213C59820052E027 /* Project object */;
}
