PODS:
  - NWPusher (0.7.5)
  - Swifter (1.4.1)

DEPENDENCIES:
  - NWPusher
  - Swifter

SPEC REPOS:
  https://github.com/cocoapods/specs.git:
    - NWPusher
    - Swifter

SPEC CHECKSUMS:
  NWPusher: 9b29a44754d88cb02c28a1e9bc8750845506123e
  Swifter: 62d14781d34600ffb6be99d350cf271be500600f

PODFILE CHECKSUM: b893e557fdd640f431ecea859e3b01f0ee2e22d7

COCOAPODS: 1.5.2
